
Microsoft Visual Studio Solution File, Format Version 12.00
# Visual Studio 2012
Project("{FAE04EC0-301F-11D3-BF4B-00C04F79EFBC}") = "NRabbitBus.Framework", "src\NRabbitBus.Framework\NRabbitBus.Framework.csproj", "{AC55BCBC-C9E2-4E98-A31C-82BAAA42EC26}"
EndProject
Project("{FAE04EC0-301F-11D3-BF4B-00C04F79EFBC}") = "NRabbitBus.Framework.Tests", "tests\NRabbitBus.Framework.Tests\NRabbitBus.Framework.Tests.csproj", "{9F4DDC80-6E22-4A8A-80E2-C4169AE35D9A}"
EndProject
Project("{2150E333-8FDC-42A3-9474-1A3956D46DE8}") = ".nuget", ".nuget", "{A92C3B08-2411-4C0D-9952-3993CB4955AD}"
	ProjectSection(SolutionItems) = preProject
		.nuget\NuGet.Config = .nuget\NuGet.Config
		.nuget\NuGet.exe = .nuget\NuGet.exe
		.nuget\NuGet.targets = .nuget\NuGet.targets
	EndProjectSection
EndProject
Project("{FAE04EC0-301F-11D3-BF4B-00C04F79EFBC}") = "NRabbitBus.Endpoint", "src\NRabbitBus.Endpoint\NRabbitBus.Endpoint.csproj", "{A186BA76-F92A-4630-A67D-669BDD436BFF}"
EndProject
Project("{FAE04EC0-301F-11D3-BF4B-00C04F79EFBC}") = "EvilDuck.Framework", "evilduck\EvilDuck.Framework\EvilDuck.Framework.csproj", "{1DCE2DAB-24B8-497B-9BA9-6136455C4FDB}"
EndProject
Project("{2150E333-8FDC-42A3-9474-1A3956D46DE8}") = "2. NRabbitBus", "2. NRabbitBus", "{6E14BB61-3231-4418-9EED-579D43F7FED3}"
EndProject
Project("{2150E333-8FDC-42A3-9474-1A3956D46DE8}") = "1. EvilDuck", "1. EvilDuck", "{A73EFD42-9607-4EE1-BE6C-23C831A447C6}"
EndProject
Project("{FAE04EC0-301F-11D3-BF4B-00C04F79EFBC}") = "EvilDuck.Framework.Tests", "tests\EvilDuck.Framework.Tests\EvilDuck.Framework.Tests.csproj", "{F9F326BC-EE47-437C-86C4-38FA32B57084}"
EndProject
Project("{2150E333-8FDC-42A3-9474-1A3956D46DE8}") = "3. Business Scenarios", "3. Business Scenarios", "{F5720E6E-73F0-444F-8A57-6FD1D1993D32}"
EndProject
Project("{2150E333-8FDC-42A3-9474-1A3956D46DE8}") = "3.1. Simple Publish", "3.1. Simple Publish", "{6C7CFDD1-3136-449A-B5A9-562B66AE6444}"
EndProject
Project("{2150E333-8FDC-42A3-9474-1A3956D46DE8}") = "3.2. Publish Subscribe", "3.2. Publish Subscribe", "{DDCA88C7-4F0D-4A54-9852-72EF238E968A}"
EndProject
Project("{2150E333-8FDC-42A3-9474-1A3956D46DE8}") = "3.3. Workload Distribution", "3.3. Workload Distribution", "{1E18519A-62EF-4F27-B029-69DD1E5B93BB}"
EndProject
Project("{2150E333-8FDC-42A3-9474-1A3956D46DE8}") = "3.4. Async Req-Resp", "3.4. Async Req-Resp", "{EE140E3C-BB6D-4F71-AD7E-A73152209705}"
EndProject
Project("{2150E333-8FDC-42A3-9474-1A3956D46DE8}") = "3.5. RCP", "3.5. RCP", "{5432DA5A-4E0C-46AC-959D-987ACDD7FE17}"
EndProject
Project("{2150E333-8FDC-42A3-9474-1A3956D46DE8}") = "3.6. Topics", "3.6. Topics", "{81C978EB-C7BD-4895-9C01-132CF3B59893}"
EndProject
Project("{2150E333-8FDC-42A3-9474-1A3956D46DE8}") = "3.7. Error scenarios", "3.7. Error scenarios", "{941626DA-8636-4E25-BB09-FB447CF9180F}"
EndProject
Project("{FAE04EC0-301F-11D3-BF4B-00C04F79EFBC}") = "SimpleConsumer", "samples\Simple\Consumer\SimpleConsumer.csproj", "{C619BAB0-C32F-4D3E-9728-00F87F194D30}"
EndProject
Project("{FAE04EC0-301F-11D3-BF4B-00C04F79EFBC}") = "SimpleMessages", "samples\Simple\Messages\SimpleMessages.csproj", "{E8199045-B302-4A03-9EE5-20CCACFEA61B}"
EndProject
Project("{FAE04EC0-301F-11D3-BF4B-00C04F79EFBC}") = "SimpleProducer", "samples\Simple\Producer\SimpleProducer.csproj", "{18BAC43A-31BF-4BD7-BBEC-67EC32E3F31E}"
EndProject
Project("{FAE04EC0-301F-11D3-BF4B-00C04F79EFBC}") = "Messages", "samples\PublishSubscribe\Messages\Messages.csproj", "{5F78F618-0C07-443D-ADA4-771DBD0E5318}"
EndProject
Project("{FAE04EC0-301F-11D3-BF4B-00C04F79EFBC}") = "Publisher", "samples\PublishSubscribe\Publisher\Publisher.csproj", "{A9E50664-4C49-4E11-A02D-D15A48633987}"
EndProject
Project("{FAE04EC0-301F-11D3-BF4B-00C04F79EFBC}") = "Subscriber", "samples\PublishSubscribe\Subscriber\Subscriber.csproj", "{CB3D058D-602B-4C2D-AF09-0B6FF9363AAA}"
EndProject
Project("{FAE04EC0-301F-11D3-BF4B-00C04F79EFBC}") = "Subscriber2", "samples\PublishSubscribe\Subscriber2\Subscriber2.csproj", "{DB5C1102-8F01-428A-858C-D52A7DB572BA}"
EndProject
Project("{FAE04EC0-301F-11D3-BF4B-00C04F79EFBC}") = "Messages", "samples\WorkloadDistribution\Messages\Messages.csproj", "{123AA192-703B-4222-9128-DA74CD2D31C7}"
EndProject
Project("{FAE04EC0-301F-11D3-BF4B-00C04F79EFBC}") = "Publisher", "samples\WorkloadDistribution\Publisher\Publisher.csproj", "{6C268CBD-DC73-4C0E-A7B2-0D425F983BBD}"
EndProject
Project("{FAE04EC0-301F-11D3-BF4B-00C04F79EFBC}") = "Worker", "samples\WorkloadDistribution\Worker\Worker.csproj", "{23F0D3EF-0BEC-450F-821B-43EE319D2111}"
EndProject
Project("{FAE04EC0-301F-11D3-BF4B-00C04F79EFBC}") = "Consumer", "samples\AsyncReqResp\Consumer\Consumer.csproj", "{6E3ACEC8-F0C3-4CE8-AC8A-E8A97E590157}"
EndProject
Project("{FAE04EC0-301F-11D3-BF4B-00C04F79EFBC}") = "Messages", "samples\AsyncReqResp\Messages\Messages.csproj", "{B5751210-916F-4BEF-A784-F542109092F2}"
EndProject
Project("{FAE04EC0-301F-11D3-BF4B-00C04F79EFBC}") = "Producer", "samples\AsyncReqResp\Producer\Producer.csproj", "{907C1747-9A06-4737-986C-24D271B29CF6}"
EndProject
Project("{FAE04EC0-301F-11D3-BF4B-00C04F79EFBC}") = "Consumer", "samples\RCP\Consumer\Consumer.csproj", "{E71683D5-C09D-42A7-BDA8-CFE4BD57EF90}"
EndProject
Project("{FAE04EC0-301F-11D3-BF4B-00C04F79EFBC}") = "Messages", "samples\RCP\Messages\Messages.csproj", "{FB1CA9CC-AFB0-475F-93C3-CCC22ECACC2D}"
EndProject
Project("{FAE04EC0-301F-11D3-BF4B-00C04F79EFBC}") = "Producer", "samples\RCP\Producer\Producer.csproj", "{51139A0C-7514-4FF2-B26B-9406E986562B}"
EndProject
Project("{FAE04EC0-301F-11D3-BF4B-00C04F79EFBC}") = "Consumer", "samples\Topics\Consumer\Consumer.csproj", "{A905465B-6C48-4A80-A83B-2BC837496622}"
EndProject
Project("{FAE04EC0-301F-11D3-BF4B-00C04F79EFBC}") = "Messages", "samples\Topics\Messages\Messages.csproj", "{21F3544B-E9A2-4730-A037-7E653D89FCB8}"
EndProject
Project("{FAE04EC0-301F-11D3-BF4B-00C04F79EFBC}") = "Producer", "samples\Topics\Producer\Producer.csproj", "{3E6030B2-F696-477D-8494-B2B1339F1AB7}"
EndProject
Project("{FAE04EC0-301F-11D3-BF4B-00C04F79EFBC}") = "Consumer", "samples\Errors\Consumer\Consumer.csproj", "{B6310DDA-A656-4633-9AF7-5956A2BF476C}"
EndProject
Project("{FAE04EC0-301F-11D3-BF4B-00C04F79EFBC}") = "Messages", "samples\Errors\Messages\Messages.csproj", "{A19AB5D3-20D2-4CFC-8BC8-174A96F3A068}"
EndProject
Project("{FAE04EC0-301F-11D3-BF4B-00C04F79EFBC}") = "Producer", "samples\Errors\Producer\Producer.csproj", "{FA08E4D9-1B45-4403-9578-FE58B58B27FB}"
EndProject
Global
	GlobalSection(SolutionConfigurationPlatforms) = preSolution
		Debug|Any CPU = Debug|Any CPU
		Release|Any CPU = Release|Any CPU
	EndGlobalSection
	GlobalSection(ProjectConfigurationPlatforms) = postSolution
		{AC55BCBC-C9E2-4E98-A31C-82BAAA42EC26}.Debug|Any CPU.ActiveCfg = Debug|Any CPU
		{AC55BCBC-C9E2-4E98-A31C-82BAAA42EC26}.Debug|Any CPU.Build.0 = Debug|Any CPU
		{AC55BCBC-C9E2-4E98-A31C-82BAAA42EC26}.Release|Any CPU.ActiveCfg = Release|Any CPU
		{AC55BCBC-C9E2-4E98-A31C-82BAAA42EC26}.Release|Any CPU.Build.0 = Release|Any CPU
		{9F4DDC80-6E22-4A8A-80E2-C4169AE35D9A}.Debug|Any CPU.ActiveCfg = Debug|Any CPU
		{9F4DDC80-6E22-4A8A-80E2-C4169AE35D9A}.Debug|Any CPU.Build.0 = Debug|Any CPU
		{9F4DDC80-6E22-4A8A-80E2-C4169AE35D9A}.Release|Any CPU.ActiveCfg = Release|Any CPU
		{9F4DDC80-6E22-4A8A-80E2-C4169AE35D9A}.Release|Any CPU.Build.0 = Release|Any CPU
		{A186BA76-F92A-4630-A67D-669BDD436BFF}.Debug|Any CPU.ActiveCfg = Debug|Any CPU
		{A186BA76-F92A-4630-A67D-669BDD436BFF}.Debug|Any CPU.Build.0 = Debug|Any CPU
		{A186BA76-F92A-4630-A67D-669BDD436BFF}.Release|Any CPU.ActiveCfg = Release|Any CPU
		{A186BA76-F92A-4630-A67D-669BDD436BFF}.Release|Any CPU.Build.0 = Release|Any CPU
		{1DCE2DAB-24B8-497B-9BA9-6136455C4FDB}.Debug|Any CPU.ActiveCfg = Debug|Any CPU
		{1DCE2DAB-24B8-497B-9BA9-6136455C4FDB}.Debug|Any CPU.Build.0 = Debug|Any CPU
		{1DCE2DAB-24B8-497B-9BA9-6136455C4FDB}.Release|Any CPU.ActiveCfg = Release|Any CPU
		{1DCE2DAB-24B8-497B-9BA9-6136455C4FDB}.Release|Any CPU.Build.0 = Release|Any CPU
		{F9F326BC-EE47-437C-86C4-38FA32B57084}.Debug|Any CPU.ActiveCfg = Debug|Any CPU
		{F9F326BC-EE47-437C-86C4-38FA32B57084}.Debug|Any CPU.Build.0 = Debug|Any CPU
		{F9F326BC-EE47-437C-86C4-38FA32B57084}.Release|Any CPU.ActiveCfg = Release|Any CPU
		{F9F326BC-EE47-437C-86C4-38FA32B57084}.Release|Any CPU.Build.0 = Release|Any CPU
		{C619BAB0-C32F-4D3E-9728-00F87F194D30}.Debug|Any CPU.ActiveCfg = Debug|Any CPU
		{C619BAB0-C32F-4D3E-9728-00F87F194D30}.Debug|Any CPU.Build.0 = Debug|Any CPU
		{C619BAB0-C32F-4D3E-9728-00F87F194D30}.Release|Any CPU.ActiveCfg = Release|Any CPU
		{C619BAB0-C32F-4D3E-9728-00F87F194D30}.Release|Any CPU.Build.0 = Release|Any CPU
		{E8199045-B302-4A03-9EE5-20CCACFEA61B}.Debug|Any CPU.ActiveCfg = Debug|Any CPU
		{E8199045-B302-4A03-9EE5-20CCACFEA61B}.Debug|Any CPU.Build.0 = Debug|Any CPU
		{E8199045-B302-4A03-9EE5-20CCACFEA61B}.Release|Any CPU.ActiveCfg = Release|Any CPU
		{E8199045-B302-4A03-9EE5-20CCACFEA61B}.Release|Any CPU.Build.0 = Release|Any CPU
		{18BAC43A-31BF-4BD7-BBEC-67EC32E3F31E}.Debug|Any CPU.ActiveCfg = Debug|Any CPU
		{18BAC43A-31BF-4BD7-BBEC-67EC32E3F31E}.Debug|Any CPU.Build.0 = Debug|Any CPU
		{18BAC43A-31BF-4BD7-BBEC-67EC32E3F31E}.Release|Any CPU.ActiveCfg = Release|Any CPU
		{18BAC43A-31BF-4BD7-BBEC-67EC32E3F31E}.Release|Any CPU.Build.0 = Release|Any CPU
		{5F78F618-0C07-443D-ADA4-771DBD0E5318}.Debug|Any CPU.ActiveCfg = Debug|Any CPU
		{5F78F618-0C07-443D-ADA4-771DBD0E5318}.Debug|Any CPU.Build.0 = Debug|Any CPU
		{5F78F618-0C07-443D-ADA4-771DBD0E5318}.Release|Any CPU.ActiveCfg = Release|Any CPU
		{5F78F618-0C07-443D-ADA4-771DBD0E5318}.Release|Any CPU.Build.0 = Release|Any CPU
		{A9E50664-4C49-4E11-A02D-D15A48633987}.Debug|Any CPU.ActiveCfg = Debug|Any CPU
		{A9E50664-4C49-4E11-A02D-D15A48633987}.Debug|Any CPU.Build.0 = Debug|Any CPU
		{A9E50664-4C49-4E11-A02D-D15A48633987}.Release|Any CPU.ActiveCfg = Release|Any CPU
		{A9E50664-4C49-4E11-A02D-D15A48633987}.Release|Any CPU.Build.0 = Release|Any CPU
		{CB3D058D-602B-4C2D-AF09-0B6FF9363AAA}.Debug|Any CPU.ActiveCfg = Debug|Any CPU
		{CB3D058D-602B-4C2D-AF09-0B6FF9363AAA}.Debug|Any CPU.Build.0 = Debug|Any CPU
		{CB3D058D-602B-4C2D-AF09-0B6FF9363AAA}.Release|Any CPU.ActiveCfg = Release|Any CPU
		{CB3D058D-602B-4C2D-AF09-0B6FF9363AAA}.Release|Any CPU.Build.0 = Release|Any CPU
		{DB5C1102-8F01-428A-858C-D52A7DB572BA}.Debug|Any CPU.ActiveCfg = Debug|Any CPU
		{DB5C1102-8F01-428A-858C-D52A7DB572BA}.Debug|Any CPU.Build.0 = Debug|Any CPU
		{DB5C1102-8F01-428A-858C-D52A7DB572BA}.Release|Any CPU.ActiveCfg = Release|Any CPU
		{DB5C1102-8F01-428A-858C-D52A7DB572BA}.Release|Any CPU.Build.0 = Release|Any CPU
		{123AA192-703B-4222-9128-DA74CD2D31C7}.Debug|Any CPU.ActiveCfg = Debug|Any CPU
		{123AA192-703B-4222-9128-DA74CD2D31C7}.Debug|Any CPU.Build.0 = Debug|Any CPU
		{123AA192-703B-4222-9128-DA74CD2D31C7}.Release|Any CPU.ActiveCfg = Release|Any CPU
		{123AA192-703B-4222-9128-DA74CD2D31C7}.Release|Any CPU.Build.0 = Release|Any CPU
		{6C268CBD-DC73-4C0E-A7B2-0D425F983BBD}.Debug|Any CPU.ActiveCfg = Debug|Any CPU
		{6C268CBD-DC73-4C0E-A7B2-0D425F983BBD}.Debug|Any CPU.Build.0 = Debug|Any CPU
		{6C268CBD-DC73-4C0E-A7B2-0D425F983BBD}.Release|Any CPU.ActiveCfg = Release|Any CPU
		{6C268CBD-DC73-4C0E-A7B2-0D425F983BBD}.Release|Any CPU.Build.0 = Release|Any CPU
		{23F0D3EF-0BEC-450F-821B-43EE319D2111}.Debug|Any CPU.ActiveCfg = Debug|Any CPU
		{23F0D3EF-0BEC-450F-821B-43EE319D2111}.Debug|Any CPU.Build.0 = Debug|Any CPU
		{23F0D3EF-0BEC-450F-821B-43EE319D2111}.Release|Any CPU.ActiveCfg = Release|Any CPU
		{23F0D3EF-0BEC-450F-821B-43EE319D2111}.Release|Any CPU.Build.0 = Release|Any CPU
		{6E3ACEC8-F0C3-4CE8-AC8A-E8A97E590157}.Debug|Any CPU.ActiveCfg = Debug|Any CPU
		{6E3ACEC8-F0C3-4CE8-AC8A-E8A97E590157}.Debug|Any CPU.Build.0 = Debug|Any CPU
		{6E3ACEC8-F0C3-4CE8-AC8A-E8A97E590157}.Release|Any CPU.ActiveCfg = Release|Any CPU
		{6E3ACEC8-F0C3-4CE8-AC8A-E8A97E590157}.Release|Any CPU.Build.0 = Release|Any CPU
		{B5751210-916F-4BEF-A784-F542109092F2}.Debug|Any CPU.ActiveCfg = Debug|Any CPU
		{B5751210-916F-4BEF-A784-F542109092F2}.Debug|Any CPU.Build.0 = Debug|Any CPU
		{B5751210-916F-4BEF-A784-F542109092F2}.Release|Any CPU.ActiveCfg = Release|Any CPU
		{B5751210-916F-4BEF-A784-F542109092F2}.Release|Any CPU.Build.0 = Release|Any CPU
		{907C1747-9A06-4737-986C-24D271B29CF6}.Debug|Any CPU.ActiveCfg = Debug|Any CPU
		{907C1747-9A06-4737-986C-24D271B29CF6}.Debug|Any CPU.Build.0 = Debug|Any CPU
		{907C1747-9A06-4737-986C-24D271B29CF6}.Release|Any CPU.ActiveCfg = Release|Any CPU
		{907C1747-9A06-4737-986C-24D271B29CF6}.Release|Any CPU.Build.0 = Release|Any CPU
		{E71683D5-C09D-42A7-BDA8-CFE4BD57EF90}.Debug|Any CPU.ActiveCfg = Debug|Any CPU
		{E71683D5-C09D-42A7-BDA8-CFE4BD57EF90}.Debug|Any CPU.Build.0 = Debug|Any CPU
		{E71683D5-C09D-42A7-BDA8-CFE4BD57EF90}.Release|Any CPU.ActiveCfg = Release|Any CPU
		{E71683D5-C09D-42A7-BDA8-CFE4BD57EF90}.Release|Any CPU.Build.0 = Release|Any CPU
		{FB1CA9CC-AFB0-475F-93C3-CCC22ECACC2D}.Debug|Any CPU.ActiveCfg = Debug|Any CPU
		{FB1CA9CC-AFB0-475F-93C3-CCC22ECACC2D}.Debug|Any CPU.Build.0 = Debug|Any CPU
		{FB1CA9CC-AFB0-475F-93C3-CCC22ECACC2D}.Release|Any CPU.ActiveCfg = Release|Any CPU
		{FB1CA9CC-AFB0-475F-93C3-CCC22ECACC2D}.Release|Any CPU.Build.0 = Release|Any CPU
		{51139A0C-7514-4FF2-B26B-9406E986562B}.Debug|Any CPU.ActiveCfg = Debug|Any CPU
		{51139A0C-7514-4FF2-B26B-9406E986562B}.Debug|Any CPU.Build.0 = Debug|Any CPU
		{51139A0C-7514-4FF2-B26B-9406E986562B}.Release|Any CPU.ActiveCfg = Release|Any CPU
		{51139A0C-7514-4FF2-B26B-9406E986562B}.Release|Any CPU.Build.0 = Release|Any CPU
		{A905465B-6C48-4A80-A83B-2BC837496622}.Debug|Any CPU.ActiveCfg = Debug|Any CPU
		{A905465B-6C48-4A80-A83B-2BC837496622}.Debug|Any CPU.Build.0 = Debug|Any CPU
		{A905465B-6C48-4A80-A83B-2BC837496622}.Release|Any CPU.ActiveCfg = Release|Any CPU
		{A905465B-6C48-4A80-A83B-2BC837496622}.Release|Any CPU.Build.0 = Release|Any CPU
		{21F3544B-E9A2-4730-A037-7E653D89FCB8}.Debug|Any CPU.ActiveCfg = Debug|Any CPU
		{21F3544B-E9A2-4730-A037-7E653D89FCB8}.Debug|Any CPU.Build.0 = Debug|Any CPU
		{21F3544B-E9A2-4730-A037-7E653D89FCB8}.Release|Any CPU.ActiveCfg = Release|Any CPU
		{21F3544B-E9A2-4730-A037-7E653D89FCB8}.Release|Any CPU.Build.0 = Release|Any CPU
		{3E6030B2-F696-477D-8494-B2B1339F1AB7}.Debug|Any CPU.ActiveCfg = Debug|Any CPU
		{3E6030B2-F696-477D-8494-B2B1339F1AB7}.Debug|Any CPU.Build.0 = Debug|Any CPU
		{3E6030B2-F696-477D-8494-B2B1339F1AB7}.Release|Any CPU.ActiveCfg = Release|Any CPU
		{3E6030B2-F696-477D-8494-B2B1339F1AB7}.Release|Any CPU.Build.0 = Release|Any CPU
		{B6310DDA-A656-4633-9AF7-5956A2BF476C}.Debug|Any CPU.ActiveCfg = Debug|Any CPU
		{B6310DDA-A656-4633-9AF7-5956A2BF476C}.Debug|Any CPU.Build.0 = Debug|Any CPU
		{B6310DDA-A656-4633-9AF7-5956A2BF476C}.Release|Any CPU.ActiveCfg = Release|Any CPU
		{B6310DDA-A656-4633-9AF7-5956A2BF476C}.Release|Any CPU.Build.0 = Release|Any CPU
		{A19AB5D3-20D2-4CFC-8BC8-174A96F3A068}.Debug|Any CPU.ActiveCfg = Debug|Any CPU
		{A19AB5D3-20D2-4CFC-8BC8-174A96F3A068}.Debug|Any CPU.Build.0 = Debug|Any CPU
		{A19AB5D3-20D2-4CFC-8BC8-174A96F3A068}.Release|Any CPU.ActiveCfg = Release|Any CPU
		{A19AB5D3-20D2-4CFC-8BC8-174A96F3A068}.Release|Any CPU.Build.0 = Release|Any CPU
		{FA08E4D9-1B45-4403-9578-FE58B58B27FB}.Debug|Any CPU.ActiveCfg = Debug|Any CPU
		{FA08E4D9-1B45-4403-9578-FE58B58B27FB}.Debug|Any CPU.Build.0 = Debug|Any CPU
		{FA08E4D9-1B45-4403-9578-FE58B58B27FB}.Release|Any CPU.ActiveCfg = Release|Any CPU
		{FA08E4D9-1B45-4403-9578-FE58B58B27FB}.Release|Any CPU.Build.0 = Release|Any CPU
	EndGlobalSection
	GlobalSection(SolutionProperties) = preSolution
		HideSolutionNode = FALSE
	EndGlobalSection
	GlobalSection(NestedProjects) = preSolution
		{9F4DDC80-6E22-4A8A-80E2-C4169AE35D9A} = {6E14BB61-3231-4418-9EED-579D43F7FED3}
		{A186BA76-F92A-4630-A67D-669BDD436BFF} = {6E14BB61-3231-4418-9EED-579D43F7FED3}
		{AC55BCBC-C9E2-4E98-A31C-82BAAA42EC26} = {6E14BB61-3231-4418-9EED-579D43F7FED3}
		{1DCE2DAB-24B8-497B-9BA9-6136455C4FDB} = {A73EFD42-9607-4EE1-BE6C-23C831A447C6}
		{F9F326BC-EE47-437C-86C4-38FA32B57084} = {A73EFD42-9607-4EE1-BE6C-23C831A447C6}
		{6C7CFDD1-3136-449A-B5A9-562B66AE6444} = {F5720E6E-73F0-444F-8A57-6FD1D1993D32}
		{DDCA88C7-4F0D-4A54-9852-72EF238E968A} = {F5720E6E-73F0-444F-8A57-6FD1D1993D32}
		{1E18519A-62EF-4F27-B029-69DD1E5B93BB} = {F5720E6E-73F0-444F-8A57-6FD1D1993D32}
		{EE140E3C-BB6D-4F71-AD7E-A73152209705} = {F5720E6E-73F0-444F-8A57-6FD1D1993D32}
		{5432DA5A-4E0C-46AC-959D-987ACDD7FE17} = {F5720E6E-73F0-444F-8A57-6FD1D1993D32}
		{81C978EB-C7BD-4895-9C01-132CF3B59893} = {F5720E6E-73F0-444F-8A57-6FD1D1993D32}
		{941626DA-8636-4E25-BB09-FB447CF9180F} = {F5720E6E-73F0-444F-8A57-6FD1D1993D32}
		{C619BAB0-C32F-4D3E-9728-00F87F194D30} = {6C7CFDD1-3136-449A-B5A9-562B66AE6444}
		{E8199045-B302-4A03-9EE5-20CCACFEA61B} = {6C7CFDD1-3136-449A-B5A9-562B66AE6444}
		{18BAC43A-31BF-4BD7-BBEC-67EC32E3F31E} = {6C7CFDD1-3136-449A-B5A9-562B66AE6444}
		{5F78F618-0C07-443D-ADA4-771DBD0E5318} = {DDCA88C7-4F0D-4A54-9852-72EF238E968A}
		{A9E50664-4C49-4E11-A02D-D15A48633987} = {DDCA88C7-4F0D-4A54-9852-72EF238E968A}
		{CB3D058D-602B-4C2D-AF09-0B6FF9363AAA} = {DDCA88C7-4F0D-4A54-9852-72EF238E968A}
		{DB5C1102-8F01-428A-858C-D52A7DB572BA} = {DDCA88C7-4F0D-4A54-9852-72EF238E968A}
		{123AA192-703B-4222-9128-DA74CD2D31C7} = {1E18519A-62EF-4F27-B029-69DD1E5B93BB}
		{6C268CBD-DC73-4C0E-A7B2-0D425F983BBD} = {1E18519A-62EF-4F27-B029-69DD1E5B93BB}
		{23F0D3EF-0BEC-450F-821B-43EE319D2111} = {1E18519A-62EF-4F27-B029-69DD1E5B93BB}
		{6E3ACEC8-F0C3-4CE8-AC8A-E8A97E590157} = {EE140E3C-BB6D-4F71-AD7E-A73152209705}
		{B5751210-916F-4BEF-A784-F542109092F2} = {EE140E3C-BB6D-4F71-AD7E-A73152209705}
		{907C1747-9A06-4737-986C-24D271B29CF6} = {EE140E3C-BB6D-4F71-AD7E-A73152209705}
		{E71683D5-C09D-42A7-BDA8-CFE4BD57EF90} = {5432DA5A-4E0C-46AC-959D-987ACDD7FE17}
		{FB1CA9CC-AFB0-475F-93C3-CCC22ECACC2D} = {5432DA5A-4E0C-46AC-959D-987ACDD7FE17}
		{51139A0C-7514-4FF2-B26B-9406E986562B} = {5432DA5A-4E0C-46AC-959D-987ACDD7FE17}
		{A905465B-6C48-4A80-A83B-2BC837496622} = {81C978EB-C7BD-4895-9C01-132CF3B59893}
		{21F3544B-E9A2-4730-A037-7E653D89FCB8} = {81C978EB-C7BD-4895-9C01-132CF3B59893}
		{3E6030B2-F696-477D-8494-B2B1339F1AB7} = {81C978EB-C7BD-4895-9C01-132CF3B59893}
		{B6310DDA-A656-4633-9AF7-5956A2BF476C} = {941626DA-8636-4E25-BB09-FB447CF9180F}
		{A19AB5D3-20D2-4CFC-8BC8-174A96F3A068} = {941626DA-8636-4E25-BB09-FB447CF9180F}
		{FA08E4D9-1B45-4403-9578-FE58B58B27FB} = {941626DA-8636-4E25-BB09-FB447CF9180F}
	EndGlobalSection
EndGlobal
